
Microsoft Visual Studio Solution File, Format Version 12.00
# Visual Studio Version 17
VisualStudioVersion = 17.11.35219.272
MinimumVisualStudioVersion = 10.0.40219.1
Project("{FAE04EC0-301F-11D3-BF4B-00C04F79EFBC}") = "Gemmi", "Gemmi\Gemmi.csproj", "{1510B465-E5EC-4447-B709-580846BD59BC}"
EndProject
Global
	GlobalSection(SolutionConfigurationPlatforms) = preSolution
		Debug|Any CPU = Debug|Any CPU
		Release|Any CPU = Release|Any CPU
	EndGlobalSection
	GlobalSection(ProjectConfigurationPlatforms) = postSolution
		{1510B465-E5EC-4447-B709-580846BD59BC}.Debug|Any CPU.ActiveCfg = Debug|Any CPU
		{1510B465-E5EC-4447-B709-580846BD59BC}.Debug|Any CPU.Build.0 = Debug|Any CPU
		{1510B465-E5EC-4447-B709-580846BD59BC}.Release|Any CPU.ActiveCfg = Release|Any CPU
		{1510B465-E5EC-4447-B709-580846BD59BC}.Release|Any CPU.Build.0 = Release|Any CPU
	EndGlobalSection
	GlobalSection(SolutionProperties) = preSolution
		HideSolutionNode = FALSE
	EndGlobalSection
	GlobalSection(ExtensibilityGlobals) = postSolution
		SolutionGuid = {9AE444A0-570A-43C6-A0F8-53BDBD26C224}
	EndGlobalSection
EndGlobal
